
Microsoft Visual Studio Solution File, Format Version 12.00
# Visual Studio 2012
# SharpDevelop 4.4
VisualStudioVersion = 16.0.29806.167
MinimumVisualStudioVersion = 10.0.40219.1
Project("{FAE04EC0-301F-11D3-BF4B-00C04F79EFBC}") = "check tool 4.0", "alart4.0\check tool 4.0.csproj", "{897692EB-2971-4946-907D-C73D9F4F02F7}"
EndProject
Project("{FAE04EC0-301F-11D3-BF4B-00C04F79EFBC}") = "check tool 4.5.2", "alart4.5.2\check tool 4.5.2.csproj", "{987FB3B0-ACAA-4E44-B311-2B19812FFA67}"
EndProject
Global
	GlobalSection(SolutionConfigurationPlatforms) = preSolution
		Debug|Any CPU = Debug|Any CPU
		ondebugRelease|Any CPU = ondebugRelease|Any CPU
		Release|Any CPU = Release|Any CPU
	EndGlobalSection
	GlobalSection(ProjectConfigurationPlatforms) = postSolution
		{897692EB-2971-4946-907D-C73D9F4F02F7}.Debug|Any CPU.ActiveCfg = Debug|Any CPU
		{897692EB-2971-4946-907D-C73D9F4F02F7}.Debug|Any CPU.Build.0 = Debug|Any CPU
		{897692EB-2971-4946-907D-C73D9F4F02F7}.ondebugRelease|Any CPU.ActiveCfg = ondebugRelease|Any CPU
		{897692EB-2971-4946-907D-C73D9F4F02F7}.ondebugRelease|Any CPU.Build.0 = ondebugRelease|Any CPU
		{897692EB-2971-4946-907D-C73D9F4F02F7}.Release|Any CPU.ActiveCfg = Release|Any CPU
		{897692EB-2971-4946-907D-C73D9F4F02F7}.Release|Any CPU.Build.0 = Release|Any CPU
		{987FB3B0-ACAA-4E44-B311-2B19812FFA67}.Debug|Any CPU.ActiveCfg = Debug|Any CPU
		{987FB3B0-ACAA-4E44-B311-2B19812FFA67}.Debug|Any CPU.Build.0 = Debug|Any CPU
		{987FB3B0-ACAA-4E44-B311-2B19812FFA67}.ondebugRelease|Any CPU.ActiveCfg = Release|Any CPU
		{987FB3B0-ACAA-4E44-B311-2B19812FFA67}.ondebugRelease|Any CPU.Build.0 = Release|Any CPU
		{987FB3B0-ACAA-4E44-B311-2B19812FFA67}.Release|Any CPU.ActiveCfg = Release|Any CPU
		{987FB3B0-ACAA-4E44-B311-2B19812FFA67}.Release|Any CPU.Build.0 = Release|Any CPU
	EndGlobalSection
	GlobalSection(SolutionProperties) = preSolution
		HideSolutionNode = FALSE
	EndGlobalSection
	GlobalSection(ExtensibilityGlobals) = postSolution
		SolutionGuid = {1849C77C-1B9F-4514-B636-44B0A1D962E7}
	EndGlobalSection
	GlobalSection(Performance) = preSolution
		HasPerformanceSessions = true
	EndGlobalSection
EndGlobal
